// !$*UTF8*$!
{
	archiveVersion = 1;
	classes = {
	};
	objectVersion = 46;
	objects = {

/* Begin PBXBuildFile section */
		BE085F0F1A9B9AEA00FEAB0E /* main.m in Sources */ = {isa = PBXBuildFile; fileRef = BE085F0E1A9B9AEA00FEAB0E /* main.m */; };
		BE085F121A9B9AEA00FEAB0E /* AppDelegate.m in Sources */ = {isa = PBXBuildFile; fileRef = BE085F111A9B9AEA00FEAB0E /* AppDelegate.m */; };
		BE085F151A9B9AEA00FEAB0E /* ViewController.m in Sources */ = {isa = PBXBuildFile; fileRef = BE085F141A9B9AEA00FEAB0E /* ViewController.m */; };
		BE085F1A1A9B9AEA00FEAB0E /* Images.xcassets in Resources */ = {isa = PBXBuildFile; fileRef = BE085F191A9B9AEA00FEAB0E /* Images.xcassets */; };
		BE085F1D1A9B9AEA00FEAB0E /* LaunchScreen.xib in Resources */ = {isa = PBXBuildFile; fileRef = BE085F1B1A9B9AEA00FEAB0E /* LaunchScreen.xib */; };
		BE085F291A9B9AEA00FEAB0E /* ArkhamHorrorTests.m in Sources */ = {isa = PBXBuildFile; fileRef = BE085F281A9B9AEA00FEAB0E /* ArkhamHorrorTests.m */; };
		BE085F331A9B9B0000FEAB0E /* ViewController.xib in Resources */ = {isa = PBXBuildFile; fileRef = BE085F321A9B9B0000FEAB0E /* ViewController.xib */; };
		BE085F3B1A9B9C9D00FEAB0E /* Investigator.m in Sources */ = {isa = PBXBuildFile; fileRef = BE085F3A1A9B9C9D00FEAB0E /* Investigator.m */; };
		BE085F3E1A9B9E8600FEAB0E /* AncientOne.m in Sources */ = {isa = PBXBuildFile; fileRef = BE085F3D1A9B9E8600FEAB0E /* AncientOne.m */; };
		BE085F471A9BB22800FEAB0E /* GameLoop.m in Sources */ = {isa = PBXBuildFile; fileRef = BE085F461A9BB22800FEAB0E /* GameLoop.m */; };
		BE085F4D1A9BBA7A00FEAB0E /* Location.m in Sources */ = {isa = PBXBuildFile; fileRef = BE085F4C1A9BBA7A00FEAB0E /* Location.m */; };
		BE0F7DFB1AAE2E3400C337F1 /* PESGraph.m in Sources */ = {isa = PBXBuildFile; fileRef = BE0F7DF21AAE2E3400C337F1 /* PESGraph.m */; };
		BE0F7DFC1AAE2E3400C337F1 /* PESGraphEdge.m in Sources */ = {isa = PBXBuildFile; fileRef = BE0F7DF41AAE2E3400C337F1 /* PESGraphEdge.m */; };
		BE0F7DFD1AAE2E3400C337F1 /* PESGraphNode.m in Sources */ = {isa = PBXBuildFile; fileRef = BE0F7DF61AAE2E3400C337F1 /* PESGraphNode.m */; };
		BE0F7DFE1AAE2E3400C337F1 /* PESGraphRoute.m in Sources */ = {isa = PBXBuildFile; fileRef = BE0F7DF81AAE2E3400C337F1 /* PESGraphRoute.m */; };
		BE0F7DFF1AAE2E3400C337F1 /* PESGraphRouteStep.m in Sources */ = {isa = PBXBuildFile; fileRef = BE0F7DFA1AAE2E3400C337F1 /* PESGraphRouteStep.m */; };
		BE0F7E021AAE2E8F00C337F1 /* PathFinder.m in Sources */ = {isa = PBXBuildFile; fileRef = BE0F7E011AAE2E8F00C337F1 /* PathFinder.m */; };
		BE0F7E251AAF6EAD00C337F1 /* main.m in Sources */ = {isa = PBXBuildFile; fileRef = BE0F7E241AAF6EAD00C337F1 /* main.m */; };
		BE0F7E2B1AAF6F6700C337F1 /* ArkhamHorrorCLI.m in Sources */ = {isa = PBXBuildFile; fileRef = BE0F7E2A1AAF6F6700C337F1 /* ArkhamHorrorCLI.m */; };
		BE0F7E2D1AAF6F9D00C337F1 /* NSMutableArray+Deck.m in Sources */ = {isa = PBXBuildFile; fileRef = BE3D4F611AA1219C0073EDEE /* NSMutableArray+Deck.m */; };
		BE0F7E2E1AAF6FA000C337F1 /* Die.m in Sources */ = {isa = PBXBuildFile; fileRef = BEF0D05A1AA9148500ADFC88 /* Die.m */; };
		BE0F7E2F1AAF6FA400C337F1 /* JSTest.m in Sources */ = {isa = PBXBuildFile; fileRef = BE4CFD511A9CD46A0034581D /* JSTest.m */; };
		BE0F7E301AAF6FA700C337F1 /* PathFinder.m in Sources */ = {isa = PBXBuildFile; fileRef = BE0F7E011AAE2E8F00C337F1 /* PathFinder.m */; };
		BE0F7E311AAF6FB100C337F1 /* PESGraph.m in Sources */ = {isa = PBXBuildFile; fileRef = BE0F7DF21AAE2E3400C337F1 /* PESGraph.m */; };
		BE0F7E321AAF6FB400C337F1 /* PESGraphEdge.m in Sources */ = {isa = PBXBuildFile; fileRef = BE0F7DF41AAE2E3400C337F1 /* PESGraphEdge.m */; };
		BE0F7E331AAF6FB700C337F1 /* PESGraphNode.m in Sources */ = {isa = PBXBuildFile; fileRef = BE0F7DF61AAE2E3400C337F1 /* PESGraphNode.m */; };
		BE0F7E341AAF6FBA00C337F1 /* PESGraphRoute.m in Sources */ = {isa = PBXBuildFile; fileRef = BE0F7DF81AAE2E3400C337F1 /* PESGraphRoute.m */; };
		BE0F7E351AAF6FBC00C337F1 /* PESGraphRouteStep.m in Sources */ = {isa = PBXBuildFile; fileRef = BE0F7DFA1AAE2E3400C337F1 /* PESGraphRouteStep.m */; };
		BE0F7E361AAF6FCD00C337F1 /* Movable.m in Sources */ = {isa = PBXBuildFile; fileRef = BEF0D0571AA8BB6600ADFC88 /* Movable.m */; };
		BE0F7E371AAF6FD100C337F1 /* Investigator.m in Sources */ = {isa = PBXBuildFile; fileRef = BE085F3A1A9B9C9D00FEAB0E /* Investigator.m */; };
		BE0F7E381AAF6FD600C337F1 /* AncientOne.m in Sources */ = {isa = PBXBuildFile; fileRef = BE085F3D1A9B9E8600FEAB0E /* AncientOne.m */; };
		BE0F7E391AAF6FD900C337F1 /* Monster.m in Sources */ = {isa = PBXBuildFile; fileRef = BE3D4F561A9FD4900073EDEE /* Monster.m */; };
		BE0F7E3A1AAF6FDC00C337F1 /* GameLoop.m in Sources */ = {isa = PBXBuildFile; fileRef = BE085F461A9BB22800FEAB0E /* GameLoop.m */; };
		BE0F7E3B1AAF6FE100C337F1 /* Card.m in Sources */ = {isa = PBXBuildFile; fileRef = BE3D4F641AA1224B0073EDEE /* Card.m */; };
		BE0F7E3C1AAF6FE300C337F1 /* Item.m in Sources */ = {isa = PBXBuildFile; fileRef = BE4CFD4E1A9C5A8D0034581D /* Item.m */; };
		BE0F7E3D1AAF6FE700C337F1 /* Ally.m in Sources */ = {isa = PBXBuildFile; fileRef = BEF0D04F1AA794E700ADFC88 /* Ally.m */; };
		BE0F7E3E1AAF6FEA00C337F1 /* Mythos.m in Sources */ = {isa = PBXBuildFile; fileRef = BEF0D0531AA8B74C00ADFC88 /* Mythos.m */; };
		BE0F7E3F1AAF6FEF00C337F1 /* Location.m in Sources */ = {isa = PBXBuildFile; fileRef = BE085F4C1A9BBA7A00FEAB0E /* Location.m */; };
		BE0F7E401AAF6FF200C337F1 /* Neighborhood.m in Sources */ = {isa = PBXBuildFile; fileRef = BE4CFD571A9CF37B0034581D /* Neighborhood.m */; };
		BE0F7E411AAF6FF500C337F1 /* Game.m in Sources */ = {isa = PBXBuildFile; fileRef = BEA88DE91AA50959000D9972 /* Game.m */; };
		BE3D4F571A9FD4900073EDEE /* Monster.m in Sources */ = {isa = PBXBuildFile; fileRef = BE3D4F561A9FD4900073EDEE /* Monster.m */; };
		BE3D4F621AA1219C0073EDEE /* NSMutableArray+Deck.m in Sources */ = {isa = PBXBuildFile; fileRef = BE3D4F611AA1219C0073EDEE /* NSMutableArray+Deck.m */; };
		BE3D4F651AA1224B0073EDEE /* Card.m in Sources */ = {isa = PBXBuildFile; fileRef = BE3D4F641AA1224B0073EDEE /* Card.m */; };
		BE436DA21A9BC72B0091BBF9 /* GameDefaults.plist in Resources */ = {isa = PBXBuildFile; fileRef = BE436DA11A9BC72B0091BBF9 /* GameDefaults.plist */; };
		BE4CFD4F1A9C5A8D0034581D /* Item.m in Sources */ = {isa = PBXBuildFile; fileRef = BE4CFD4E1A9C5A8D0034581D /* Item.m */; };
		BE4CFD521A9CD46A0034581D /* JSTest.m in Sources */ = {isa = PBXBuildFile; fileRef = BE4CFD511A9CD46A0034581D /* JSTest.m */; };
		BE4CFD581A9CF37B0034581D /* Neighborhood.m in Sources */ = {isa = PBXBuildFile; fileRef = BE4CFD571A9CF37B0034581D /* Neighborhood.m */; };
		BE7570DE1AB1CB69004B3998 /* ItemSetup.m in Sources */ = {isa = PBXBuildFile; fileRef = BE7570DD1AB1CB69004B3998 /* ItemSetup.m */; };
		BE7570DF1AB1CB69004B3998 /* ItemSetup.m in Sources */ = {isa = PBXBuildFile; fileRef = BE7570DD1AB1CB69004B3998 /* ItemSetup.m */; };
		BE7570E21AB1EED0004B3998 /* MonsterSetup.m in Sources */ = {isa = PBXBuildFile; fileRef = BE7570E11AB1EED0004B3998 /* MonsterSetup.m */; };
		BE7570E31AB1EED0004B3998 /* MonsterSetup.m in Sources */ = {isa = PBXBuildFile; fileRef = BE7570E11AB1EED0004B3998 /* MonsterSetup.m */; };
		BEA88DEA1AA50959000D9972 /* Game.m in Sources */ = {isa = PBXBuildFile; fileRef = BEA88DE91AA50959000D9972 /* Game.m */; };
		BEF0D0501AA794E700ADFC88 /* Ally.m in Sources */ = {isa = PBXBuildFile; fileRef = BEF0D04F1AA794E700ADFC88 /* Ally.m */; };
		BEF0D0541AA8B74C00ADFC88 /* Mythos.m in Sources */ = {isa = PBXBuildFile; fileRef = BEF0D0531AA8B74C00ADFC88 /* Mythos.m */; };
		BEF0D0581AA8BB6600ADFC88 /* Movable.m in Sources */ = {isa = PBXBuildFile; fileRef = BEF0D0571AA8BB6600ADFC88 /* Movable.m */; };
		BEF0D05B1AA9148500ADFC88 /* Die.m in Sources */ = {isa = PBXBuildFile; fileRef = BEF0D05A1AA9148500ADFC88 /* Die.m */; };
/* End PBXBuildFile section */

/* Begin PBXContainerItemProxy section */
		BE085F231A9B9AEA00FEAB0E /* PBXContainerItemProxy */ = {
			isa = PBXContainerItemProxy;
			containerPortal = BE085F011A9B9AE900FEAB0E /* Project object */;
			proxyType = 1;
			remoteGlobalIDString = BE085F081A9B9AE900FEAB0E;
			remoteInfo = ArkhamHorror;
		};
/* End PBXContainerItemProxy section */

/* Begin PBXCopyFilesBuildPhase section */
		BE0F7E201AAF6EAD00C337F1 /* CopyFiles */ = {
			isa = PBXCopyFilesBuildPhase;
			buildActionMask = 2147483647;
			dstPath = /usr/share/man/man1/;
			dstSubfolderSpec = 0;
			files = (
			);
			runOnlyForDeploymentPostprocessing = 1;
		};
/* End PBXCopyFilesBuildPhase section */

/* Begin PBXFileReference section */
		BE085F091A9B9AE900FEAB0E /* ArkhamHorror.app */ = {isa = PBXFileReference; explicitFileType = wrapper.application; includeInIndex = 0; path = ArkhamHorror.app; sourceTree = BUILT_PRODUCTS_DIR; };
		BE085F0D1A9B9AEA00FEAB0E /* Info.plist */ = {isa = PBXFileReference; lastKnownFileType = text.plist.xml; path = Info.plist; sourceTree = "<group>"; };
		BE085F0E1A9B9AEA00FEAB0E /* main.m */ = {isa = PBXFileReference; lastKnownFileType = sourcecode.c.objc; path = main.m; sourceTree = "<group>"; };
		BE085F101A9B9AEA00FEAB0E /* AppDelegate.h */ = {isa = PBXFileReference; lastKnownFileType = sourcecode.c.h; path = AppDelegate.h; sourceTree = "<group>"; };
		BE085F111A9B9AEA00FEAB0E /* AppDelegate.m */ = {isa = PBXFileReference; lastKnownFileType = sourcecode.c.objc; path = AppDelegate.m; sourceTree = "<group>"; };
		BE085F131A9B9AEA00FEAB0E /* ViewController.h */ = {isa = PBXFileReference; lastKnownFileType = sourcecode.c.h; path = ViewController.h; sourceTree = "<group>"; };
		BE085F141A9B9AEA00FEAB0E /* ViewController.m */ = {isa = PBXFileReference; lastKnownFileType = sourcecode.c.objc; path = ViewController.m; sourceTree = "<group>"; };
		BE085F191A9B9AEA00FEAB0E /* Images.xcassets */ = {isa = PBXFileReference; lastKnownFileType = folder.assetcatalog; path = Images.xcassets; sourceTree = "<group>"; };
		BE085F1C1A9B9AEA00FEAB0E /* Base */ = {isa = PBXFileReference; lastKnownFileType = file.xib; name = Base; path = Base.lproj/LaunchScreen.xib; sourceTree = "<group>"; };
		BE085F221A9B9AEA00FEAB0E /* ArkhamHorrorTests.xctest */ = {isa = PBXFileReference; explicitFileType = wrapper.cfbundle; includeInIndex = 0; path = ArkhamHorrorTests.xctest; sourceTree = BUILT_PRODUCTS_DIR; };
		BE085F271A9B9AEA00FEAB0E /* Info.plist */ = {isa = PBXFileReference; lastKnownFileType = text.plist.xml; path = Info.plist; sourceTree = "<group>"; };
		BE085F281A9B9AEA00FEAB0E /* ArkhamHorrorTests.m */ = {isa = PBXFileReference; lastKnownFileType = sourcecode.c.objc; path = ArkhamHorrorTests.m; sourceTree = "<group>"; };
		BE085F321A9B9B0000FEAB0E /* ViewController.xib */ = {isa = PBXFileReference; fileEncoding = 4; lastKnownFileType = file.xib; path = ViewController.xib; sourceTree = "<group>"; };
		BE085F391A9B9C9D00FEAB0E /* Investigator.h */ = {isa = PBXFileReference; fileEncoding = 4; lastKnownFileType = sourcecode.c.h; path = Investigator.h; sourceTree = "<group>"; };
		BE085F3A1A9B9C9D00FEAB0E /* Investigator.m */ = {isa = PBXFileReference; fileEncoding = 4; lastKnownFileType = sourcecode.c.objc; path = Investigator.m; sourceTree = "<group>"; };
		BE085F3C1A9B9E8600FEAB0E /* AncientOne.h */ = {isa = PBXFileReference; fileEncoding = 4; lastKnownFileType = sourcecode.c.h; path = AncientOne.h; sourceTree = "<group>"; };
		BE085F3D1A9B9E8600FEAB0E /* AncientOne.m */ = {isa = PBXFileReference; fileEncoding = 4; lastKnownFileType = sourcecode.c.objc; path = AncientOne.m; sourceTree = "<group>"; };
		BE085F451A9BB22800FEAB0E /* GameLoop.h */ = {isa = PBXFileReference; fileEncoding = 4; lastKnownFileType = sourcecode.c.h; path = GameLoop.h; sourceTree = "<group>"; };
		BE085F461A9BB22800FEAB0E /* GameLoop.m */ = {isa = PBXFileReference; fileEncoding = 4; lastKnownFileType = sourcecode.c.objc; path = GameLoop.m; sourceTree = "<group>"; };
		BE085F4B1A9BBA7A00FEAB0E /* Location.h */ = {isa = PBXFileReference; fileEncoding = 4; lastKnownFileType = sourcecode.c.h; path = Location.h; sourceTree = "<group>"; };
		BE085F4C1A9BBA7A00FEAB0E /* Location.m */ = {isa = PBXFileReference; fileEncoding = 4; lastKnownFileType = sourcecode.c.objc; path = Location.m; sourceTree = "<group>"; };
		BE0F7DF01AAE2E3400C337F1 /* PESGraph-Prefix.pch */ = {isa = PBXFileReference; fileEncoding = 4; lastKnownFileType = sourcecode.c.h; path = "PESGraph-Prefix.pch"; sourceTree = "<group>"; };
		BE0F7DF11AAE2E3400C337F1 /* PESGraph.h */ = {isa = PBXFileReference; fileEncoding = 4; lastKnownFileType = sourcecode.c.h; path = PESGraph.h; sourceTree = "<group>"; };
		BE0F7DF21AAE2E3400C337F1 /* PESGraph.m */ = {isa = PBXFileReference; fileEncoding = 4; lastKnownFileType = sourcecode.c.objc; path = PESGraph.m; sourceTree = "<group>"; };
		BE0F7DF31AAE2E3400C337F1 /* PESGraphEdge.h */ = {isa = PBXFileReference; fileEncoding = 4; lastKnownFileType = sourcecode.c.h; path = PESGraphEdge.h; sourceTree = "<group>"; };
		BE0F7DF41AAE2E3400C337F1 /* PESGraphEdge.m */ = {isa = PBXFileReference; fileEncoding = 4; lastKnownFileType = sourcecode.c.objc; path = PESGraphEdge.m; sourceTree = "<group>"; };
		BE0F7DF51AAE2E3400C337F1 /* PESGraphNode.h */ = {isa = PBXFileReference; fileEncoding = 4; lastKnownFileType = sourcecode.c.h; path = PESGraphNode.h; sourceTree = "<group>"; };
		BE0F7DF61AAE2E3400C337F1 /* PESGraphNode.m */ = {isa = PBXFileReference; fileEncoding = 4; lastKnownFileType = sourcecode.c.objc; path = PESGraphNode.m; sourceTree = "<group>"; };
		BE0F7DF71AAE2E3400C337F1 /* PESGraphRoute.h */ = {isa = PBXFileReference; fileEncoding = 4; lastKnownFileType = sourcecode.c.h; path = PESGraphRoute.h; sourceTree = "<group>"; };
		BE0F7DF81AAE2E3400C337F1 /* PESGraphRoute.m */ = {isa = PBXFileReference; fileEncoding = 4; lastKnownFileType = sourcecode.c.objc; path = PESGraphRoute.m; sourceTree = "<group>"; };
		BE0F7DF91AAE2E3400C337F1 /* PESGraphRouteStep.h */ = {isa = PBXFileReference; fileEncoding = 4; lastKnownFileType = sourcecode.c.h; path = PESGraphRouteStep.h; sourceTree = "<group>"; };
		BE0F7DFA1AAE2E3400C337F1 /* PESGraphRouteStep.m */ = {isa = PBXFileReference; fileEncoding = 4; lastKnownFileType = sourcecode.c.objc; path = PESGraphRouteStep.m; sourceTree = "<group>"; };
		BE0F7E001AAE2E8F00C337F1 /* PathFinder.h */ = {isa = PBXFileReference; fileEncoding = 4; lastKnownFileType = sourcecode.c.h; path = PathFinder.h; sourceTree = "<group>"; };
		BE0F7E011AAE2E8F00C337F1 /* PathFinder.m */ = {isa = PBXFileReference; fileEncoding = 4; lastKnownFileType = sourcecode.c.objc; path = PathFinder.m; sourceTree = "<group>"; };
		BE0F7E221AAF6EAD00C337F1 /* ArkhamCLI */ = {isa = PBXFileReference; explicitFileType = "compiled.mach-o.executable"; includeInIndex = 0; path = ArkhamCLI; sourceTree = BUILT_PRODUCTS_DIR; };
		BE0F7E241AAF6EAD00C337F1 /* main.m */ = {isa = PBXFileReference; lastKnownFileType = sourcecode.c.objc; path = main.m; sourceTree = "<group>"; };
		BE0F7E291AAF6F6700C337F1 /* ArkhamHorrorCLI.h */ = {isa = PBXFileReference; fileEncoding = 4; lastKnownFileType = sourcecode.c.h; path = ArkhamHorrorCLI.h; sourceTree = "<group>"; };
		BE0F7E2A1AAF6F6700C337F1 /* ArkhamHorrorCLI.m */ = {isa = PBXFileReference; fileEncoding = 4; lastKnownFileType = sourcecode.c.objc; path = ArkhamHorrorCLI.m; sourceTree = "<group>"; };
		BE0F7E451AAF724300C337F1 /* ArkhamHorrorUIAPI.h */ = {isa = PBXFileReference; lastKnownFileType = sourcecode.c.h; path = ArkhamHorrorUIAPI.h; sourceTree = "<group>"; };
		BE3D4F551A9FD4900073EDEE /* Monster.h */ = {isa = PBXFileReference; fileEncoding = 4; lastKnownFileType = sourcecode.c.h; path = Monster.h; sourceTree = "<group>"; };
		BE3D4F561A9FD4900073EDEE /* Monster.m */ = {isa = PBXFileReference; fileEncoding = 4; lastKnownFileType = sourcecode.c.objc; path = Monster.m; sourceTree = "<group>"; };
		BE3D4F601AA1219C0073EDEE /* NSMutableArray+Deck.h */ = {isa = PBXFileReference; fileEncoding = 4; lastKnownFileType = sourcecode.c.h; path = "NSMutableArray+Deck.h"; sourceTree = "<group>"; };
		BE3D4F611AA1219C0073EDEE /* NSMutableArray+Deck.m */ = {isa = PBXFileReference; fileEncoding = 4; lastKnownFileType = sourcecode.c.objc; path = "NSMutableArray+Deck.m"; sourceTree = "<group>"; };
		BE3D4F631AA1224B0073EDEE /* Card.h */ = {isa = PBXFileReference; fileEncoding = 4; lastKnownFileType = sourcecode.c.h; path = Card.h; sourceTree = "<group>"; };
		BE3D4F641AA1224B0073EDEE /* Card.m */ = {isa = PBXFileReference; fileEncoding = 4; lastKnownFileType = sourcecode.c.objc; path = Card.m; sourceTree = "<group>"; };
		BE436DA11A9BC72B0091BBF9 /* GameDefaults.plist */ = {isa = PBXFileReference; fileEncoding = 4; lastKnownFileType = text.plist.xml; path = GameDefaults.plist; sourceTree = "<group>"; };
		BE4CFD4D1A9C5A8D0034581D /* Item.h */ = {isa = PBXFileReference; fileEncoding = 4; lastKnownFileType = sourcecode.c.h; path = Item.h; sourceTree = "<group>"; };
		BE4CFD4E1A9C5A8D0034581D /* Item.m */ = {isa = PBXFileReference; fileEncoding = 4; lastKnownFileType = sourcecode.c.objc; path = Item.m; sourceTree = "<group>"; };
		BE4CFD501A9CD46A0034581D /* JSTest.h */ = {isa = PBXFileReference; fileEncoding = 4; lastKnownFileType = sourcecode.c.h; path = JSTest.h; sourceTree = "<group>"; };
		BE4CFD511A9CD46A0034581D /* JSTest.m */ = {isa = PBXFileReference; fileEncoding = 4; lastKnownFileType = sourcecode.c.objc; path = JSTest.m; sourceTree = "<group>"; };
		BE4CFD561A9CF37B0034581D /* Neighborhood.h */ = {isa = PBXFileReference; fileEncoding = 4; lastKnownFileType = sourcecode.c.h; path = Neighborhood.h; sourceTree = "<group>"; };
		BE4CFD571A9CF37B0034581D /* Neighborhood.m */ = {isa = PBXFileReference; fileEncoding = 4; lastKnownFileType = sourcecode.c.objc; path = Neighborhood.m; sourceTree = "<group>"; };
		BE4CFD5A1A9CF8900034581D /* Defines.h */ = {isa = PBXFileReference; lastKnownFileType = sourcecode.c.h; path = Defines.h; sourceTree = "<group>"; };
		BE7570DC1AB1CB69004B3998 /* ItemSetup.h */ = {isa = PBXFileReference; fileEncoding = 4; lastKnownFileType = sourcecode.c.h; path = ItemSetup.h; sourceTree = "<group>"; };
		BE7570DD1AB1CB69004B3998 /* ItemSetup.m */ = {isa = PBXFileReference; fileEncoding = 4; lastKnownFileType = sourcecode.c.objc; path = ItemSetup.m; sourceTree = "<group>"; };
		BE7570E01AB1EED0004B3998 /* MonsterSetup.h */ = {isa = PBXFileReference; fileEncoding = 4; lastKnownFileType = sourcecode.c.h; path = MonsterSetup.h; sourceTree = "<group>"; };
		BE7570E11AB1EED0004B3998 /* MonsterSetup.m */ = {isa = PBXFileReference; fileEncoding = 4; lastKnownFileType = sourcecode.c.objc; path = MonsterSetup.m; sourceTree = "<group>"; };
		BEA88DE81AA50959000D9972 /* Game.h */ = {isa = PBXFileReference; fileEncoding = 4; lastKnownFileType = sourcecode.c.h; path = Game.h; sourceTree = "<group>"; };
		BEA88DE91AA50959000D9972 /* Game.m */ = {isa = PBXFileReference; fileEncoding = 4; lastKnownFileType = sourcecode.c.objc; path = Game.m; sourceTree = "<group>"; };
		BEF0D04E1AA794E700ADFC88 /* Ally.h */ = {isa = PBXFileReference; fileEncoding = 4; lastKnownFileType = sourcecode.c.h; path = Ally.h; sourceTree = "<group>"; };
		BEF0D04F1AA794E700ADFC88 /* Ally.m */ = {isa = PBXFileReference; fileEncoding = 4; lastKnownFileType = sourcecode.c.objc; path = Ally.m; sourceTree = "<group>"; };
		BEF0D0521AA8B74C00ADFC88 /* Mythos.h */ = {isa = PBXFileReference; fileEncoding = 4; lastKnownFileType = sourcecode.c.h; path = Mythos.h; sourceTree = "<group>"; };
		BEF0D0531AA8B74C00ADFC88 /* Mythos.m */ = {isa = PBXFileReference; fileEncoding = 4; lastKnownFileType = sourcecode.c.objc; path = Mythos.m; sourceTree = "<group>"; };
		BEF0D0561AA8BB6600ADFC88 /* Movable.h */ = {isa = PBXFileReference; fileEncoding = 4; lastKnownFileType = sourcecode.c.h; path = Movable.h; sourceTree = "<group>"; };
		BEF0D0571AA8BB6600ADFC88 /* Movable.m */ = {isa = PBXFileReference; fileEncoding = 4; lastKnownFileType = sourcecode.c.objc; path = Movable.m; sourceTree = "<group>"; };
		BEF0D0591AA9148500ADFC88 /* Die.h */ = {isa = PBXFileReference; fileEncoding = 4; lastKnownFileType = sourcecode.c.h; path = Die.h; sourceTree = "<group>"; };
		BEF0D05A1AA9148500ADFC88 /* Die.m */ = {isa = PBXFileReference; fileEncoding = 4; lastKnownFileType = sourcecode.c.objc; path = Die.m; sourceTree = "<group>"; };
/* End PBXFileReference section */

/* Begin PBXFrameworksBuildPhase section */
		BE085F061A9B9AE900FEAB0E /* Frameworks */ = {
			isa = PBXFrameworksBuildPhase;
			buildActionMask = 2147483647;
			files = (
			);
			runOnlyForDeploymentPostprocessing = 0;
		};
		BE085F1F1A9B9AEA00FEAB0E /* Frameworks */ = {
			isa = PBXFrameworksBuildPhase;
			buildActionMask = 2147483647;
			files = (
			);
			runOnlyForDeploymentPostprocessing = 0;
		};
		BE0F7E1F1AAF6EAD00C337F1 /* Frameworks */ = {
			isa = PBXFrameworksBuildPhase;
			buildActionMask = 2147483647;
			files = (
			);
			runOnlyForDeploymentPostprocessing = 0;
		};
/* End PBXFrameworksBuildPhase section */

/* Begin PBXGroup section */
		BE085F001A9B9AE900FEAB0E = {
			isa = PBXGroup;
			children = (
				BE085F341A9B9C7600FEAB0E /* ArkhamHorror-core */,
				BE085F0B1A9B9AE900FEAB0E /* ArkhamHorror-iOS */,
				BE0F7E231AAF6EAD00C337F1 /* ArkhamHorror-CLI */,
				BE085F251A9B9AEA00FEAB0E /* ArkhamHorrorTests */,
				BE085F0A1A9B9AE900FEAB0E /* Products */,
			);
			sourceTree = "<group>";
		};
		BE085F0A1A9B9AE900FEAB0E /* Products */ = {
			isa = PBXGroup;
			children = (
				BE085F091A9B9AE900FEAB0E /* ArkhamHorror.app */,
				BE085F221A9B9AEA00FEAB0E /* ArkhamHorrorTests.xctest */,
				BE0F7E221AAF6EAD00C337F1 /* ArkhamCLI */,
			);
			name = Products;
			sourceTree = "<group>";
		};
		BE085F0B1A9B9AE900FEAB0E /* ArkhamHorror-iOS */ = {
			isa = PBXGroup;
			children = (
				BE0F7DEE1AAE2DF400C337F1 /* classes */,
				BE085F191A9B9AEA00FEAB0E /* Images.xcassets */,
				BE085F1B1A9B9AEA00FEAB0E /* LaunchScreen.xib */,
				BE085F0C1A9B9AE900FEAB0E /* Supporting Files */,
			);
			name = "ArkhamHorror-iOS";
			path = ArkhamHorror;
			sourceTree = "<group>";
		};
		BE085F0C1A9B9AE900FEAB0E /* Supporting Files */ = {
			isa = PBXGroup;
			children = (
				BE085F0D1A9B9AEA00FEAB0E /* Info.plist */,
				BE085F0E1A9B9AEA00FEAB0E /* main.m */,
			);
			name = "Supporting Files";
			sourceTree = "<group>";
		};
		BE085F251A9B9AEA00FEAB0E /* ArkhamHorrorTests */ = {
			isa = PBXGroup;
			children = (
				BE085F281A9B9AEA00FEAB0E /* ArkhamHorrorTests.m */,
				BE085F261A9B9AEA00FEAB0E /* Supporting Files */,
			);
			path = ArkhamHorrorTests;
			sourceTree = "<group>";
		};
		BE085F261A9B9AEA00FEAB0E /* Supporting Files */ = {
			isa = PBXGroup;
			children = (
				BE085F271A9B9AEA00FEAB0E /* Info.plist */,
			);
			name = "Supporting Files";
			sourceTree = "<group>";
		};
		BE085F341A9B9C7600FEAB0E /* ArkhamHorror-core */ = {
			isa = PBXGroup;
			children = (
				BE436DA01A9BC6F20091BBF9 /* Game Defaults */,
				BE0F7DED1AAE2DE900C337F1 /* Lib */,
				BE0F7E061AAF4CB100C337F1 /* categories */,
				BE4CFD5B1A9CF96F0034581D /* Utils */,
				BEF0D0561AA8BB6600ADFC88 /* Movable.h */,
				BEF0D0571AA8BB6600ADFC88 /* Movable.m */,
				BE085F391A9B9C9D00FEAB0E /* Investigator.h */,
				BE085F3A1A9B9C9D00FEAB0E /* Investigator.m */,
				BE3D4F581A9FD4970073EDEE /* bad guys */,
				BE085F451A9BB22800FEAB0E /* GameLoop.h */,
				BE085F461A9BB22800FEAB0E /* GameLoop.m */,
				BEF0D0511AA794FE00ADFC88 /* cards */,
				BE4CFD591A9CF3840034581D /* board+locations */,
				BEA88DE81AA50959000D9972 /* Game.h */,
				BEA88DE91AA50959000D9972 /* Game.m */,
			);
			name = "ArkhamHorror-core";
			path = ArkhamHorror;
			sourceTree = "<group>";
		};
		BE085F351A9B9C7C00FEAB0E /* view controllers */ = {
			isa = PBXGroup;
			children = (
				BE085F321A9B9B0000FEAB0E /* ViewController.xib */,
				BE085F131A9B9AEA00FEAB0E /* ViewController.h */,
				BE085F141A9B9AEA00FEAB0E /* ViewController.m */,
			);
			name = "view controllers";
			sourceTree = "<group>";
		};
		BE0F7DED1AAE2DE900C337F1 /* Lib */ = {
			isa = PBXGroup;
			children = (
				BE0F7DEF1AAE2E3400C337F1 /* PESGraph */,
			);
			name = Lib;
			sourceTree = "<group>";
		};
		BE0F7DEE1AAE2DF400C337F1 /* classes */ = {
			isa = PBXGroup;
			children = (
				BE085F101A9B9AEA00FEAB0E /* AppDelegate.h */,
				BE085F111A9B9AEA00FEAB0E /* AppDelegate.m */,
				BE085F351A9B9C7C00FEAB0E /* view controllers */,
			);
			name = classes;
			sourceTree = "<group>";
		};
		BE0F7DEF1AAE2E3400C337F1 /* PESGraph */ = {
			isa = PBXGroup;
			children = (
				BE0F7DF01AAE2E3400C337F1 /* PESGraph-Prefix.pch */,
				BE0F7DF11AAE2E3400C337F1 /* PESGraph.h */,
				BE0F7DF21AAE2E3400C337F1 /* PESGraph.m */,
				BE0F7DF31AAE2E3400C337F1 /* PESGraphEdge.h */,
				BE0F7DF41AAE2E3400C337F1 /* PESGraphEdge.m */,
				BE0F7DF51AAE2E3400C337F1 /* PESGraphNode.h */,
				BE0F7DF61AAE2E3400C337F1 /* PESGraphNode.m */,
				BE0F7DF71AAE2E3400C337F1 /* PESGraphRoute.h */,
				BE0F7DF81AAE2E3400C337F1 /* PESGraphRoute.m */,
				BE0F7DF91AAE2E3400C337F1 /* PESGraphRouteStep.h */,
				BE0F7DFA1AAE2E3400C337F1 /* PESGraphRouteStep.m */,
			);
			path = PESGraph;
			sourceTree = "<group>";
		};
		BE0F7E061AAF4CB100C337F1 /* categories */ = {
			isa = PBXGroup;
			children = (
				BE3D4F601AA1219C0073EDEE /* NSMutableArray+Deck.h */,
				BE3D4F611AA1219C0073EDEE /* NSMutableArray+Deck.m */,
			);
			name = categories;
			sourceTree = "<group>";
		};
		BE0F7E231AAF6EAD00C337F1 /* ArkhamHorror-CLI */ = {
			isa = PBXGroup;
			children = (
				BE0F7E241AAF6EAD00C337F1 /* main.m */,
				BE0F7E291AAF6F6700C337F1 /* ArkhamHorrorCLI.h */,
				BE0F7E2A1AAF6F6700C337F1 /* ArkhamHorrorCLI.m */,
			);
			name = "ArkhamHorror-CLI";
			path = ArkhamCLI;
			sourceTree = "<group>";
		};
		BE3D4F581A9FD4970073EDEE /* bad guys */ = {
			isa = PBXGroup;
			children = (
				BE085F3C1A9B9E8600FEAB0E /* AncientOne.h */,
				BE085F3D1A9B9E8600FEAB0E /* AncientOne.m */,
				BE3D4F551A9FD4900073EDEE /* Monster.h */,
				BE3D4F561A9FD4900073EDEE /* Monster.m */,
				BE7570E01AB1EED0004B3998 /* MonsterSetup.h */,
				BE7570E11AB1EED0004B3998 /* MonsterSetup.m */,
			);
			name = "bad guys";
			sourceTree = "<group>";
		};
		BE436DA01A9BC6F20091BBF9 /* Game Defaults */ = {
			isa = PBXGroup;
			children = (
				BE436DA11A9BC72B0091BBF9 /* GameDefaults.plist */,
			);
			name = "Game Defaults";
			sourceTree = "<group>";
		};
		BE4CFD591A9CF3840034581D /* board+locations */ = {
			isa = PBXGroup;
			children = (
				BE085F4B1A9BBA7A00FEAB0E /* Location.h */,
				BE085F4C1A9BBA7A00FEAB0E /* Location.m */,
				BE4CFD561A9CF37B0034581D /* Neighborhood.h */,
				BE4CFD571A9CF37B0034581D /* Neighborhood.m */,
			);
			name = "board+locations";
			sourceTree = "<group>";
		};
		BE4CFD5B1A9CF96F0034581D /* Utils */ = {
			isa = PBXGroup;
			children = (
				BEF0D0591AA9148500ADFC88 /* Die.h */,
				BEF0D05A1AA9148500ADFC88 /* Die.m */,
				BE4CFD5A1A9CF8900034581D /* Defines.h */,
				BE4CFD501A9CD46A0034581D /* JSTest.h */,
				BE4CFD511A9CD46A0034581D /* JSTest.m */,
				BE0F7E001AAE2E8F00C337F1 /* PathFinder.h */,
				BE0F7E011AAE2E8F00C337F1 /* PathFinder.m */,
				BE0F7E451AAF724300C337F1 /* ArkhamHorrorUIAPI.h */,
			);
			name = Utils;
			sourceTree = "<group>";
		};
		BEF0D0511AA794FE00ADFC88 /* cards */ = {
			isa = PBXGroup;
			children = (
				BE3D4F631AA1224B0073EDEE /* Card.h */,
				BE3D4F641AA1224B0073EDEE /* Card.m */,
				BE4CFD4D1A9C5A8D0034581D /* Item.h */,
				BE4CFD4E1A9C5A8D0034581D /* Item.m */,
				BEF0D04E1AA794E700ADFC88 /* Ally.h */,
				BEF0D04F1AA794E700ADFC88 /* Ally.m */,
				BEF0D0521AA8B74C00ADFC88 /* Mythos.h */,
				BEF0D0531AA8B74C00ADFC88 /* Mythos.m */,
				BE7570DC1AB1CB69004B3998 /* ItemSetup.h */,
				BE7570DD1AB1CB69004B3998 /* ItemSetup.m */,
			);
			name = cards;
			sourceTree = "<group>";
		};
/* End PBXGroup section */

/* Begin PBXNativeTarget section */
		BE085F081A9B9AE900FEAB0E /* ArkhamHorror */ = {
			isa = PBXNativeTarget;
			buildConfigurationList = BE085F2C1A9B9AEA00FEAB0E /* Build configuration list for PBXNativeTarget "ArkhamHorror" */;
			buildPhases = (
				BE085F051A9B9AE900FEAB0E /* Sources */,
				BE085F061A9B9AE900FEAB0E /* Frameworks */,
				BE085F071A9B9AE900FEAB0E /* Resources */,
			);
			buildRules = (
			);
			dependencies = (
			);
			name = ArkhamHorror;
			productName = ArkhamHorror;
			productReference = BE085F091A9B9AE900FEAB0E /* ArkhamHorror.app */;
			productType = "com.apple.product-type.application";
		};
		BE085F211A9B9AEA00FEAB0E /* ArkhamHorrorTests */ = {
			isa = PBXNativeTarget;
			buildConfigurationList = BE085F2F1A9B9AEA00FEAB0E /* Build configuration list for PBXNativeTarget "ArkhamHorrorTests" */;
			buildPhases = (
				BE085F1E1A9B9AEA00FEAB0E /* Sources */,
				BE085F1F1A9B9AEA00FEAB0E /* Frameworks */,
				BE085F201A9B9AEA00FEAB0E /* Resources */,
			);
			buildRules = (
			);
			dependencies = (
				BE085F241A9B9AEA00FEAB0E /* PBXTargetDependency */,
			);
			name = ArkhamHorrorTests;
			productName = ArkhamHorrorTests;
			productReference = BE085F221A9B9AEA00FEAB0E /* ArkhamHorrorTests.xctest */;
			productType = "com.apple.product-type.bundle.unit-test";
		};
		BE0F7E211AAF6EAD00C337F1 /* ArkhamCLI */ = {
			isa = PBXNativeTarget;
			buildConfigurationList = BE0F7E261AAF6EAD00C337F1 /* Build configuration list for PBXNativeTarget "ArkhamCLI" */;
			buildPhases = (
				BE0F7E1E1AAF6EAD00C337F1 /* Sources */,
				BE0F7E1F1AAF6EAD00C337F1 /* Frameworks */,
				BE0F7E201AAF6EAD00C337F1 /* CopyFiles */,
			);
			buildRules = (
			);
			dependencies = (
			);
			name = ArkhamCLI;
			productName = ArkhamCLI;
			productReference = BE0F7E221AAF6EAD00C337F1 /* ArkhamCLI */;
			productType = "com.apple.product-type.tool";
		};
/* End PBXNativeTarget section */

/* Begin PBXProject section */
		BE085F011A9B9AE900FEAB0E /* Project object */ = {
			isa = PBXProject;
			attributes = {
				LastUpgradeCheck = 0610;
				ORGANIZATIONNAME = Sleepy;
				TargetAttributes = {
					BE085F081A9B9AE900FEAB0E = {
						CreatedOnToolsVersion = 6.1.1;
					};
					BE085F211A9B9AEA00FEAB0E = {
						CreatedOnToolsVersion = 6.1.1;
						TestTargetID = BE085F081A9B9AE900FEAB0E;
					};
					BE0F7E211AAF6EAD00C337F1 = {
						CreatedOnToolsVersion = 6.1.1;
					};
				};
			};
			buildConfigurationList = BE085F041A9B9AE900FEAB0E /* Build configuration list for PBXProject "ArkhamHorror" */;
			compatibilityVersion = "Xcode 3.2";
			developmentRegion = English;
			hasScannedForEncodings = 0;
			knownRegions = (
				en,
				Base,
			);
			mainGroup = BE085F001A9B9AE900FEAB0E;
			productRefGroup = BE085F0A1A9B9AE900FEAB0E /* Products */;
			projectDirPath = "";
			projectRoot = "";
			targets = (
				BE085F081A9B9AE900FEAB0E /* ArkhamHorror */,
				BE085F211A9B9AEA00FEAB0E /* ArkhamHorrorTests */,
				BE0F7E211AAF6EAD00C337F1 /* ArkhamCLI */,
			);
		};
/* End PBXProject section */

/* Begin PBXResourcesBuildPhase section */
		BE085F071A9B9AE900FEAB0E /* Resources */ = {
			isa = PBXResourcesBuildPhase;
			buildActionMask = 2147483647;
			files = (
				BE085F1D1A9B9AEA00FEAB0E /* LaunchScreen.xib in Resources */,
				BE085F331A9B9B0000FEAB0E /* ViewController.xib in Resources */,
				BE436DA21A9BC72B0091BBF9 /* GameDefaults.plist in Resources */,
				BE085F1A1A9B9AEA00FEAB0E /* Images.xcassets in Resources */,
			);
			runOnlyForDeploymentPostprocessing = 0;
		};
		BE085F201A9B9AEA00FEAB0E /* Resources */ = {
			isa = PBXResourcesBuildPhase;
			buildActionMask = 2147483647;
			files = (
			);
			runOnlyForDeploymentPostprocessing = 0;
		};
/* End PBXResourcesBuildPhase section */

/* Begin PBXSourcesBuildPhase section */
		BE085F051A9B9AE900FEAB0E /* Sources */ = {
			isa = PBXSourcesBuildPhase;
			buildActionMask = 2147483647;
			files = (
				BEA88DEA1AA50959000D9972 /* Game.m in Sources */,
				BEF0D0541AA8B74C00ADFC88 /* Mythos.m in Sources */,
				BE4CFD4F1A9C5A8D0034581D /* Item.m in Sources */,
				BE0F7DFE1AAE2E3400C337F1 /* PESGraphRoute.m in Sources */,
				BE085F3B1A9B9C9D00FEAB0E /* Investigator.m in Sources */,
				BE085F471A9BB22800FEAB0E /* GameLoop.m in Sources */,
				BE4CFD521A9CD46A0034581D /* JSTest.m in Sources */,
				BE3D4F651AA1224B0073EDEE /* Card.m in Sources */,
				BE7570E21AB1EED0004B3998 /* MonsterSetup.m in Sources */,
				BE3D4F571A9FD4900073EDEE /* Monster.m in Sources */,
				BEF0D05B1AA9148500ADFC88 /* Die.m in Sources */,
				BE0F7DFF1AAE2E3400C337F1 /* PESGraphRouteStep.m in Sources */,
				BE0F7DFD1AAE2E3400C337F1 /* PESGraphNode.m in Sources */,
				BE085F151A9B9AEA00FEAB0E /* ViewController.m in Sources */,
				BE3D4F621AA1219C0073EDEE /* NSMutableArray+Deck.m in Sources */,
				BE0F7DFB1AAE2E3400C337F1 /* PESGraph.m in Sources */,
				BEF0D0581AA8BB6600ADFC88 /* Movable.m in Sources */,
				BE7570DE1AB1CB69004B3998 /* ItemSetup.m in Sources */,
				BE0F7DFC1AAE2E3400C337F1 /* PESGraphEdge.m in Sources */,
				BE085F121A9B9AEA00FEAB0E /* AppDelegate.m in Sources */,
				BEF0D0501AA794E700ADFC88 /* Ally.m in Sources */,
				BE085F0F1A9B9AEA00FEAB0E /* main.m in Sources */,
				BE085F4D1A9BBA7A00FEAB0E /* Location.m in Sources */,
				BE085F3E1A9B9E8600FEAB0E /* AncientOne.m in Sources */,
				BE4CFD581A9CF37B0034581D /* Neighborhood.m in Sources */,
				BE0F7E021AAE2E8F00C337F1 /* PathFinder.m in Sources */,
			);
			runOnlyForDeploymentPostprocessing = 0;
		};
		BE085F1E1A9B9AEA00FEAB0E /* Sources */ = {
			isa = PBXSourcesBuildPhase;
			buildActionMask = 2147483647;
			files = (
				BE085F291A9B9AEA00FEAB0E /* ArkhamHorrorTests.m in Sources */,
			);
			runOnlyForDeploymentPostprocessing = 0;
		};
		BE0F7E1E1AAF6EAD00C337F1 /* Sources */ = {
			isa = PBXSourcesBuildPhase;
			buildActionMask = 2147483647;
			files = (
				BE0F7E3C1AAF6FE300C337F1 /* Item.m in Sources */,
				BE0F7E3F1AAF6FEF00C337F1 /* Location.m in Sources */,
				BE0F7E321AAF6FB400C337F1 /* PESGraphEdge.m in Sources */,
				BE0F7E331AAF6FB700C337F1 /* PESGraphNode.m in Sources */,
				BE0F7E2B1AAF6F6700C337F1 /* ArkhamHorrorCLI.m in Sources */,
				BE0F7E341AAF6FBA00C337F1 /* PESGraphRoute.m in Sources */,
				BE0F7E411AAF6FF500C337F1 /* Game.m in Sources */,
				BE0F7E3B1AAF6FE100C337F1 /* Card.m in Sources */,
				BE0F7E351AAF6FBC00C337F1 /* PESGraphRouteStep.m in Sources */,
				BE7570E31AB1EED0004B3998 /* MonsterSetup.m in Sources */,
				BE0F7E3E1AAF6FEA00C337F1 /* Mythos.m in Sources */,
				BE0F7E371AAF6FD100C337F1 /* Investigator.m in Sources */,
				BE0F7E391AAF6FD900C337F1 /* Monster.m in Sources */,
				BE0F7E251AAF6EAD00C337F1 /* main.m in Sources */,
				BE0F7E361AAF6FCD00C337F1 /* Movable.m in Sources */,
				BE7570DF1AB1CB69004B3998 /* ItemSetup.m in Sources */,
				BE0F7E3A1AAF6FDC00C337F1 /* GameLoop.m in Sources */,
				BE0F7E2E1AAF6FA000C337F1 /* Die.m in Sources */,
				BE0F7E2D1AAF6F9D00C337F1 /* NSMutableArray+Deck.m in Sources */,
				BE0F7E301AAF6FA700C337F1 /* PathFinder.m in Sources */,
				BE0F7E401AAF6FF200C337F1 /* Neighborhood.m in Sources */,
				BE0F7E381AAF6FD600C337F1 /* AncientOne.m in Sources */,
				BE0F7E311AAF6FB100C337F1 /* PESGraph.m in Sources */,
				BE0F7E2F1AAF6FA400C337F1 /* JSTest.m in Sources */,
				BE0F7E3D1AAF6FE700C337F1 /* Ally.m in Sources */,
			);
			runOnlyForDeploymentPostprocessing = 0;
		};
/* End PBXSourcesBuildPhase section */

/* Begin PBXTargetDependency section */
		BE085F241A9B9AEA00FEAB0E /* PBXTargetDependency */ = {
			isa = PBXTargetDependency;
			target = BE085F081A9B9AE900FEAB0E /* ArkhamHorror */;
			targetProxy = BE085F231A9B9AEA00FEAB0E /* PBXContainerItemProxy */;
		};
/* End PBXTargetDependency section */

/* Begin PBXVariantGroup section */
		BE085F1B1A9B9AEA00FEAB0E /* LaunchScreen.xib */ = {
			isa = PBXVariantGroup;
			children = (
				BE085F1C1A9B9AEA00FEAB0E /* Base */,
			);
			name = LaunchScreen.xib;
			sourceTree = "<group>";
		};
/* End PBXVariantGroup section */

/* Begin XCBuildConfiguration section */
		BE085F2A1A9B9AEA00FEAB0E /* Debug */ = {
			isa = XCBuildConfiguration;
			buildSettings = {
				ALWAYS_SEARCH_USER_PATHS = NO;
				CLANG_CXX_LANGUAGE_STANDARD = "gnu++0x";
				CLANG_CXX_LIBRARY = "libc++";
				CLANG_ENABLE_MODULES = YES;
				CLANG_ENABLE_OBJC_ARC = YES;
				CLANG_WARN_BOOL_CONVERSION = YES;
				CLANG_WARN_CONSTANT_CONVERSION = YES;
				CLANG_WARN_DIRECT_OBJC_ISA_USAGE = YES_ERROR;
				CLANG_WARN_EMPTY_BODY = YES;
				CLANG_WARN_ENUM_CONVERSION = YES;
				CLANG_WARN_INT_CONVERSION = YES;
				CLANG_WARN_OBJC_ROOT_CLASS = YES_ERROR;
				CLANG_WARN_UNREACHABLE_CODE = YES;
				CLANG_WARN__DUPLICATE_METHOD_MATCH = YES;
				"CODE_SIGN_IDENTITY[sdk=iphoneos*]" = "iPhone Developer";
				COPY_PHASE_STRIP = NO;
				ENABLE_STRICT_OBJC_MSGSEND = YES;
				GCC_C_LANGUAGE_STANDARD = gnu99;
				GCC_DYNAMIC_NO_PIC = NO;
				GCC_OPTIMIZATION_LEVEL = 0;
				GCC_PREPROCESSOR_DEFINITIONS = (
					"DEBUG=1",
					"$(inherited)",
				);
				GCC_SYMBOLS_PRIVATE_EXTERN = NO;
				GCC_WARN_64_TO_32_BIT_CONVERSION = YES;
				GCC_WARN_ABOUT_RETURN_TYPE = YES_ERROR;
				GCC_WARN_UNDECLARED_SELECTOR = YES;
				GCC_WARN_UNINITIALIZED_AUTOS = YES_AGGRESSIVE;
				GCC_WARN_UNUSED_FUNCTION = YES;
				GCC_WARN_UNUSED_VARIABLE = YES;
				IPHONEOS_DEPLOYMENT_TARGET = 8.1;
				MTL_ENABLE_DEBUG_INFO = YES;
				ONLY_ACTIVE_ARCH = YES;
				SDKROOT = iphoneos;
				TARGETED_DEVICE_FAMILY = "1,2";
			};
			name = Debug;
		};
		BE085F2B1A9B9AEA00FEAB0E /* Release */ = {
			isa = XCBuildConfiguration;
			buildSettings = {
				ALWAYS_SEARCH_USER_PATHS = NO;
				CLANG_CXX_LANGUAGE_STANDARD = "gnu++0x";
				CLANG_CXX_LIBRARY = "libc++";
				CLANG_ENABLE_MODULES = YES;
				CLANG_ENABLE_OBJC_ARC = YES;
				CLANG_WARN_BOOL_CONVERSION = YES;
				CLANG_WARN_CONSTANT_CONVERSION = YES;
				CLANG_WARN_DIRECT_OBJC_ISA_USAGE = YES_ERROR;
				CLANG_WARN_EMPTY_BODY = YES;
				CLANG_WARN_ENUM_CONVERSION = YES;
				CLANG_WARN_INT_CONVERSION = YES;
				CLANG_WARN_OBJC_ROOT_CLASS = YES_ERROR;
				CLANG_WARN_UNREACHABLE_CODE = YES;
				CLANG_WARN__DUPLICATE_METHOD_MATCH = YES;
				"CODE_SIGN_IDENTITY[sdk=iphoneos*]" = "iPhone Developer";
				COPY_PHASE_STRIP = YES;
				ENABLE_NS_ASSERTIONS = NO;
				ENABLE_STRICT_OBJC_MSGSEND = YES;
				GCC_C_LANGUAGE_STANDARD = gnu99;
				GCC_WARN_64_TO_32_BIT_CONVERSION = YES;
				GCC_WARN_ABOUT_RETURN_TYPE = YES_ERROR;
				GCC_WARN_UNDECLARED_SELECTOR = YES;
				GCC_WARN_UNINITIALIZED_AUTOS = YES_AGGRESSIVE;
				GCC_WARN_UNUSED_FUNCTION = YES;
				GCC_WARN_UNUSED_VARIABLE = YES;
				IPHONEOS_DEPLOYMENT_TARGET = 8.1;
				MTL_ENABLE_DEBUG_INFO = NO;
				SDKROOT = iphoneos;
				TARGETED_DEVICE_FAMILY = "1,2";
				VALIDATE_PRODUCT = YES;
			};
			name = Release;
		};
		BE085F2D1A9B9AEA00FEAB0E /* Debug */ = {
			isa = XCBuildConfiguration;
			buildSettings = {
				ASSETCATALOG_COMPILER_APPICON_NAME = AppIcon;
				INFOPLIST_FILE = ArkhamHorror/Info.plist;
				LD_RUNPATH_SEARCH_PATHS = "$(inherited) @executable_path/Frameworks";
				PRODUCT_NAME = "$(TARGET_NAME)";
			};
			name = Debug;
		};
		BE085F2E1A9B9AEA00FEAB0E /* Release */ = {
			isa = XCBuildConfiguration;
			buildSettings = {
				ASSETCATALOG_COMPILER_APPICON_NAME = AppIcon;
				INFOPLIST_FILE = ArkhamHorror/Info.plist;
				LD_RUNPATH_SEARCH_PATHS = "$(inherited) @executable_path/Frameworks";
				PRODUCT_NAME = "$(TARGET_NAME)";
			};
			name = Release;
		};
		BE085F301A9B9AEA00FEAB0E /* Debug */ = {
			isa = XCBuildConfiguration;
			buildSettings = {
				BUNDLE_LOADER = "$(TEST_HOST)";
				FRAMEWORK_SEARCH_PATHS = (
					"$(SDKROOT)/Developer/Library/Frameworks",
					"$(inherited)",
				);
				GCC_PREPROCESSOR_DEFINITIONS = (
					"DEBUG=1",
					"$(inherited)",
				);
				INFOPLIST_FILE = ArkhamHorrorTests/Info.plist;
				LD_RUNPATH_SEARCH_PATHS = "$(inherited) @executable_path/Frameworks @loader_path/Frameworks";
				PRODUCT_NAME = "$(TARGET_NAME)";
				TEST_HOST = "$(BUILT_PRODUCTS_DIR)/ArkhamHorror.app/ArkhamHorror";
			};
			name = Debug;
		};
		BE085F311A9B9AEA00FEAB0E /* Release */ = {
			isa = XCBuildConfiguration;
			buildSettings = {
				BUNDLE_LOADER = "$(TEST_HOST)";
				FRAMEWORK_SEARCH_PATHS = (
					"$(SDKROOT)/Developer/Library/Frameworks",
					"$(inherited)",
				);
				INFOPLIST_FILE = ArkhamHorrorTests/Info.plist;
				LD_RUNPATH_SEARCH_PATHS = "$(inherited) @executable_path/Frameworks @loader_path/Frameworks";
				PRODUCT_NAME = "$(TARGET_NAME)";
				TEST_HOST = "$(BUILT_PRODUCTS_DIR)/ArkhamHorror.app/ArkhamHorror";
			};
			name = Release;
		};
		BE0F7E271AAF6EAD00C337F1 /* Debug */ = {
			isa = XCBuildConfiguration;
			buildSettings = {
				GCC_PREPROCESSOR_DEFINITIONS = (
					"DEBUG=1",
					"$(inherited)",
				);
				MACOSX_DEPLOYMENT_TARGET = 10.10;
				PRODUCT_NAME = "$(TARGET_NAME)";
				SDKROOT = macosx;
			};
			name = Debug;
		};
		BE0F7E281AAF6EAD00C337F1 /* Release */ = {
			isa = XCBuildConfiguration;
			buildSettings = {
				DEBUG_INFORMATION_FORMAT = "dwarf-with-dsym";
				MACOSX_DEPLOYMENT_TARGET = 10.10;
				PRODUCT_NAME = "$(TARGET_NAME)";
				SDKROOT = macosx;
			};
			name = Release;
		};
/* End XCBuildConfiguration section */

/* Begin XCConfigurationList section */
		BE085F041A9B9AE900FEAB0E /* Build configuration list for PBXProject "ArkhamHorror" */ = {
			isa = XCConfigurationList;
			buildConfigurations = (
				BE085F2A1A9B9AEA00FEAB0E /* Debug */,
				BE085F2B1A9B9AEA00FEAB0E /* Release */,
			);
			defaultConfigurationIsVisible = 0;
			defaultConfigurationName = Release;
		};
		BE085F2C1A9B9AEA00FEAB0E /* Build configuration list for PBXNativeTarget "ArkhamHorror" */ = {
			isa = XCConfigurationList;
			buildConfigurations = (
				BE085F2D1A9B9AEA00FEAB0E /* Debug */,
				BE085F2E1A9B9AEA00FEAB0E /* Release */,
			);
			defaultConfigurationIsVisible = 0;
			defaultConfigurationName = Release;
		};
		BE085F2F1A9B9AEA00FEAB0E /* Build configuration list for PBXNativeTarget "ArkhamHorrorTests" */ = {
			isa = XCConfigurationList;
			buildConfigurations = (
				BE085F301A9B9AEA00FEAB0E /* Debug */,
				BE085F311A9B9AEA00FEAB0E /* Release */,
			);
			defaultConfigurationIsVisible = 0;
			defaultConfigurationName = Release;
		};
		BE0F7E261AAF6EAD00C337F1 /* Build configuration list for PBXNativeTarget "ArkhamCLI" */ = {
			isa = XCConfigurationList;
			buildConfigurations = (
				BE0F7E271AAF6EAD00C337F1 /* Debug */,
				BE0F7E281AAF6EAD00C337F1 /* Release */,
			);
			defaultConfigurationIsVisible = 0;
			defaultConfigurationName = Release;
		};
/* End XCConfigurationList section */
	};
	rootObject = BE085F011A9B9AE900FEAB0E /* Project object */;
}
